
Microsoft Visual Studio Solution File, Format Version 12.00
# Visual Studio 15
VisualStudioVersion = 15.0.27703.2018
MinimumVisualStudioVersion = 10.0.40219.1
Project("{FAE04EC0-301F-11D3-BF4B-00C04F79EFBC}") = "Aerodrom", "Aerodrom\Aerodrom.csproj", "{4A8ACFFE-3F5D-4645-A0C7-61E1FAF9A128}"
EndProject
Global
	GlobalSection(SolutionConfigurationPlatforms) = preSolution
		Debug|Any CPU = Debug|Any CPU
		Release|Any CPU = Release|Any CPU
	EndGlobalSection
	GlobalSection(ProjectConfigurationPlatforms) = postSolution
		{4A8ACFFE-3F5D-4645-A0C7-61E1FAF9A128}.Debug|Any CPU.ActiveCfg = Debug|Any CPU
		{4A8ACFFE-3F5D-4645-A0C7-61E1FAF9A128}.Debug|Any CPU.Build.0 = Debug|Any CPU
		{4A8ACFFE-3F5D-4645-A0C7-61E1FAF9A128}.Release|Any CPU.ActiveCfg = Release|Any CPU
		{4A8ACFFE-3F5D-4645-A0C7-61E1FAF9A128}.Release|Any CPU.Build.0 = Release|Any CPU
	EndGlobalSection
	GlobalSection(SolutionProperties) = preSolution
		HideSolutionNode = FALSE
	EndGlobalSection
	GlobalSection(ExtensibilityGlobals) = postSolution
		SolutionGuid = {8E7ACC82-4D93-47F9-B801-547FF2B58425}
	EndGlobalSection
EndGlobal
